
Microsoft Visual Studio Solution File, Format Version 12.00
# Visual Studio Version 17
VisualStudioVersion = 17.6.33815.320
MinimumVisualStudioVersion = 10.0.40219.1
Project("{9A19103F-16F7-4668-BE54-9A1E7A4F7556}") = "BasketMicroservice", "src\BasketMicroservice\BasketMicroservice.csproj", "{D5017FF5-6EFD-4264-95C4-B0AB1C941A70}"
EndProject
Project("{9A19103F-16F7-4668-BE54-9A1E7A4F7556}") = "Model", "src\Model\Model.csproj", "{9DB319D5-29C4-436B-9F01-820EDD5B30B9}"
EndProject
Project("{9A19103F-16F7-4668-BE54-9A1E7A4F7556}") = "Infra", "src\Infra\Infra.csproj", "{2837AD80-7B81-4BCC-90BF-1600DBA79889}"
EndProject
Global
	GlobalSection(SolutionConfigurationPlatforms) = preSolution
		Debug|Any CPU = Debug|Any CPU
		Release|Any CPU = Release|Any CPU
	EndGlobalSection
	GlobalSection(ProjectConfigurationPlatforms) = postSolution
		{D5017FF5-6EFD-4264-95C4-B0AB1C941A70}.Debug|Any CPU.ActiveCfg = Debug|Any CPU
		{D5017FF5-6EFD-4264-95C4-B0AB1C941A70}.Debug|Any CPU.Build.0 = Debug|Any CPU
		{D5017FF5-6EFD-4264-95C4-B0AB1C941A70}.Release|Any CPU.ActiveCfg = Release|Any CPU
		{D5017FF5-6EFD-4264-95C4-B0AB1C941A70}.Release|Any CPU.Build.0 = Release|Any CPU
		{9DB319D5-29C4-436B-9F01-820EDD5B30B9}.Debug|Any CPU.ActiveCfg = Debug|Any CPU
		{9DB319D5-29C4-436B-9F01-820EDD5B30B9}.Debug|Any CPU.Build.0 = Debug|Any CPU
		{9DB319D5-29C4-436B-9F01-820EDD5B30B9}.Release|Any CPU.ActiveCfg = Release|Any CPU
		{9DB319D5-29C4-436B-9F01-820EDD5B30B9}.Release|Any CPU.Build.0 = Release|Any CPU
		{2837AD80-7B81-4BCC-90BF-1600DBA79889}.Debug|Any CPU.ActiveCfg = Debug|Any CPU
		{2837AD80-7B81-4BCC-90BF-1600DBA79889}.Debug|Any CPU.Build.0 = Debug|Any CPU
		{2837AD80-7B81-4BCC-90BF-1600DBA79889}.Release|Any CPU.ActiveCfg = Release|Any CPU
		{2837AD80-7B81-4BCC-90BF-1600DBA79889}.Release|Any CPU.Build.0 = Release|Any CPU
	EndGlobalSection
	GlobalSection(SolutionProperties) = preSolution
		HideSolutionNode = FALSE
	EndGlobalSection
	GlobalSection(ExtensibilityGlobals) = postSolution
		SolutionGuid = {112C0C4E-172F-45C6-9570-0E45024AF05A}
	EndGlobalSection
EndGlobal
